
Microsoft Visual Studio Solution File, Format Version 12.00
# Visual Studio Version 16
VisualStudioVersion = 25.0.1706.3
MinimumVisualStudioVersion = 10.0.40219.1
Project("{FAE04EC0-301F-11D3-BF4B-00C04F79EFBC}") = "property-price-api", "property-price-api\property-price-api.csproj", "{67E90286-E12A-41E2-AF5D-48EA34A79DDF}"
EndProject
Project("{2150E333-8FDC-42A3-9474-1A3956D46DE8}") = "Solution Items", "Solution Items", "{67B2659C-1A7B-4BD7-80E7-A75B023A7910}"
	ProjectSection(SolutionItems) = preProject
		README.md = README.md
	EndProjectSection
EndProject
Project("{FAE04EC0-301F-11D3-BF4B-00C04F79EFBC}") = "unit-tests", "unit-tests\unit-tests.csproj", "{05A53FBF-5365-479F-83B5-C91FF40F6C5C}"
EndProject
Project("{FAE04EC0-301F-11D3-BF4B-00C04F79EFBC}") = "property-price-ingest", "property-price-ingest\property-price-ingest.csproj", "{BADCB96D-B7BF-4E3A-9232-E56EACB23C4D}"
EndProject
Project("{FAE04EC0-301F-11D3-BF4B-00C04F79EFBC}") = "property-price-purchase-service", "property-price-purchase-service\property-price-purchase-service.csproj", "{6828F477-BEDB-4C7C-84EF-99BF10ACACAA}"
EndProject
Project("{FAE04EC0-301F-11D3-BF4B-00C04F79EFBC}") = "property-price-cosmos-db", "property-price-cosmos-db\property-price-cosmos-db.csproj", "{7B73FA9A-424E-42D0-989A-63B0FFB1F072}"
EndProject
Project("{FAE04EC0-301F-11D3-BF4B-00C04F79EFBC}") = "property-price-common", "property-price-common\property-price-common.csproj", "{4F7FF3B2-B0AC-44CB-BF22-7E2AE264A615}"
EndProject
Project("{FAE04EC0-301F-11D3-BF4B-00C04F79EFBC}") = "property-price-kafka-service", "property-price-kafka-service\property-price-kafka-service.csproj", "{7CB10210-F27C-4BFF-9D53-0AB7460CEFBC}"
EndProject
Project("{FAE04EC0-301F-11D3-BF4B-00C04F79EFBC}") = "property-price-kafka-consumer", "property-price-kafka-consumer\property-price-kafka-consumer.csproj", "{6E72A172-FF8C-422E-A368-4BD2F988C4E5}"
EndProject
Global
	GlobalSection(SolutionConfigurationPlatforms) = preSolution
		Debug|Any CPU = Debug|Any CPU
		Release|Any CPU = Release|Any CPU
	EndGlobalSection
	GlobalSection(ProjectConfigurationPlatforms) = postSolution
		{67E90286-E12A-41E2-AF5D-48EA34A79DDF}.Debug|Any CPU.ActiveCfg = Debug|Any CPU
		{67E90286-E12A-41E2-AF5D-48EA34A79DDF}.Debug|Any CPU.Build.0 = Debug|Any CPU
		{67E90286-E12A-41E2-AF5D-48EA34A79DDF}.Release|Any CPU.ActiveCfg = Release|Any CPU
		{67E90286-E12A-41E2-AF5D-48EA34A79DDF}.Release|Any CPU.Build.0 = Release|Any CPU
		{05A53FBF-5365-479F-83B5-C91FF40F6C5C}.Debug|Any CPU.ActiveCfg = Debug|Any CPU
		{05A53FBF-5365-479F-83B5-C91FF40F6C5C}.Debug|Any CPU.Build.0 = Debug|Any CPU
		{05A53FBF-5365-479F-83B5-C91FF40F6C5C}.Release|Any CPU.ActiveCfg = Release|Any CPU
		{05A53FBF-5365-479F-83B5-C91FF40F6C5C}.Release|Any CPU.Build.0 = Release|Any CPU
		{BADCB96D-B7BF-4E3A-9232-E56EACB23C4D}.Debug|Any CPU.ActiveCfg = Debug|Any CPU
		{BADCB96D-B7BF-4E3A-9232-E56EACB23C4D}.Debug|Any CPU.Build.0 = Debug|Any CPU
		{BADCB96D-B7BF-4E3A-9232-E56EACB23C4D}.Release|Any CPU.ActiveCfg = Release|Any CPU
		{BADCB96D-B7BF-4E3A-9232-E56EACB23C4D}.Release|Any CPU.Build.0 = Release|Any CPU
		{6828F477-BEDB-4C7C-84EF-99BF10ACACAA}.Debug|Any CPU.ActiveCfg = Debug|Any CPU
		{6828F477-BEDB-4C7C-84EF-99BF10ACACAA}.Debug|Any CPU.Build.0 = Debug|Any CPU
		{6828F477-BEDB-4C7C-84EF-99BF10ACACAA}.Release|Any CPU.ActiveCfg = Release|Any CPU
		{6828F477-BEDB-4C7C-84EF-99BF10ACACAA}.Release|Any CPU.Build.0 = Release|Any CPU
		{7B73FA9A-424E-42D0-989A-63B0FFB1F072}.Debug|Any CPU.ActiveCfg = Debug|Any CPU
		{7B73FA9A-424E-42D0-989A-63B0FFB1F072}.Debug|Any CPU.Build.0 = Debug|Any CPU
		{7B73FA9A-424E-42D0-989A-63B0FFB1F072}.Release|Any CPU.ActiveCfg = Release|Any CPU
		{7B73FA9A-424E-42D0-989A-63B0FFB1F072}.Release|Any CPU.Build.0 = Release|Any CPU
		{4F7FF3B2-B0AC-44CB-BF22-7E2AE264A615}.Debug|Any CPU.ActiveCfg = Debug|Any CPU
		{4F7FF3B2-B0AC-44CB-BF22-7E2AE264A615}.Debug|Any CPU.Build.0 = Debug|Any CPU
		{4F7FF3B2-B0AC-44CB-BF22-7E2AE264A615}.Release|Any CPU.ActiveCfg = Release|Any CPU
		{4F7FF3B2-B0AC-44CB-BF22-7E2AE264A615}.Release|Any CPU.Build.0 = Release|Any CPU
		{7CB10210-F27C-4BFF-9D53-0AB7460CEFBC}.Debug|Any CPU.ActiveCfg = Debug|Any CPU
		{7CB10210-F27C-4BFF-9D53-0AB7460CEFBC}.Debug|Any CPU.Build.0 = Debug|Any CPU
		{7CB10210-F27C-4BFF-9D53-0AB7460CEFBC}.Release|Any CPU.ActiveCfg = Release|Any CPU
		{7CB10210-F27C-4BFF-9D53-0AB7460CEFBC}.Release|Any CPU.Build.0 = Release|Any CPU
		{6E72A172-FF8C-422E-A368-4BD2F988C4E5}.Debug|Any CPU.ActiveCfg = Debug|Any CPU
		{6E72A172-FF8C-422E-A368-4BD2F988C4E5}.Debug|Any CPU.Build.0 = Debug|Any CPU
		{6E72A172-FF8C-422E-A368-4BD2F988C4E5}.Release|Any CPU.ActiveCfg = Release|Any CPU
		{6E72A172-FF8C-422E-A368-4BD2F988C4E5}.Release|Any CPU.Build.0 = Release|Any CPU
	EndGlobalSection
	GlobalSection(SolutionProperties) = preSolution
		HideSolutionNode = FALSE
	EndGlobalSection
	GlobalSection(ExtensibilityGlobals) = postSolution
		SolutionGuid = {03040EB9-2784-4051-BA71-9CB569D74F78}
	EndGlobalSection
EndGlobal
